
Microsoft Visual Studio Solution File, Format Version 12.00
# Visual Studio Version 16
VisualStudioVersion = 16.0.32126.315
MinimumVisualStudioVersion = 10.0.40219.1
Project("{9A19103F-16F7-4668-BE54-9A1E7A4F7556}") = "HotelSystem.Api", "HotelSystem\HotelSystem.Api.csproj", "{CBC51A3A-C9EB-47CE-8041-3E58EB3D1200}"
EndProject
Project("{2150E333-8FDC-42A3-9474-1A3956D46DE8}") = "Presentation", "Presentation", "{AAEB8DCF-3B0E-4AF8-A27D-A51E289A88B9}"
EndProject
Project("{2150E333-8FDC-42A3-9474-1A3956D46DE8}") = "Core", "Core", "{B539727F-94EE-4DA5-AFB0-CF3140192251}"
EndProject
Project("{FAE04EC0-301F-11D3-BF4B-00C04F79EFBC}") = "HotelSystem.Application", "HotelSystem.Application\HotelSystem.Application.csproj", "{B180FC49-296F-4A0A-BEBE-1D4D2E713CF3}"
EndProject
Project("{FAE04EC0-301F-11D3-BF4B-00C04F79EFBC}") = "HotelSystem.Common", "HotelSystem.Common\HotelSystem.Common.csproj", "{94F351DE-076E-4388-BF66-2BD2E25239D3}"
EndProject
Project("{FAE04EC0-301F-11D3-BF4B-00C04F79EFBC}") = "HotelSystem.Domain", "HotelSystem.Domain\HotelSystem.Domain.csproj", "{614BC7B4-AEB9-4B92-9123-8B35A6E187EF}"
EndProject
Global
	GlobalSection(SolutionConfigurationPlatforms) = preSolution
		Debug|Any CPU = Debug|Any CPU
		Release|Any CPU = Release|Any CPU
	EndGlobalSection
	GlobalSection(ProjectConfigurationPlatforms) = postSolution
		{CBC51A3A-C9EB-47CE-8041-3E58EB3D1200}.Debug|Any CPU.ActiveCfg = Debug|Any CPU
		{CBC51A3A-C9EB-47CE-8041-3E58EB3D1200}.Debug|Any CPU.Build.0 = Debug|Any CPU
		{CBC51A3A-C9EB-47CE-8041-3E58EB3D1200}.Release|Any CPU.ActiveCfg = Release|Any CPU
		{CBC51A3A-C9EB-47CE-8041-3E58EB3D1200}.Release|Any CPU.Build.0 = Release|Any CPU
		{B180FC49-296F-4A0A-BEBE-1D4D2E713CF3}.Debug|Any CPU.ActiveCfg = Debug|Any CPU
		{B180FC49-296F-4A0A-BEBE-1D4D2E713CF3}.Debug|Any CPU.Build.0 = Debug|Any CPU
		{B180FC49-296F-4A0A-BEBE-1D4D2E713CF3}.Release|Any CPU.ActiveCfg = Release|Any CPU
		{B180FC49-296F-4A0A-BEBE-1D4D2E713CF3}.Release|Any CPU.Build.0 = Release|Any CPU
		{94F351DE-076E-4388-BF66-2BD2E25239D3}.Debug|Any CPU.ActiveCfg = Debug|Any CPU
		{94F351DE-076E-4388-BF66-2BD2E25239D3}.Debug|Any CPU.Build.0 = Debug|Any CPU
		{94F351DE-076E-4388-BF66-2BD2E25239D3}.Release|Any CPU.ActiveCfg = Release|Any CPU
		{94F351DE-076E-4388-BF66-2BD2E25239D3}.Release|Any CPU.Build.0 = Release|Any CPU
		{614BC7B4-AEB9-4B92-9123-8B35A6E187EF}.Debug|Any CPU.ActiveCfg = Debug|Any CPU
		{614BC7B4-AEB9-4B92-9123-8B35A6E187EF}.Debug|Any CPU.Build.0 = Debug|Any CPU
		{614BC7B4-AEB9-4B92-9123-8B35A6E187EF}.Release|Any CPU.ActiveCfg = Release|Any CPU
		{614BC7B4-AEB9-4B92-9123-8B35A6E187EF}.Release|Any CPU.Build.0 = Release|Any CPU
	EndGlobalSection
	GlobalSection(SolutionProperties) = preSolution
		HideSolutionNode = FALSE
	EndGlobalSection
	GlobalSection(NestedProjects) = preSolution
		{CBC51A3A-C9EB-47CE-8041-3E58EB3D1200} = {AAEB8DCF-3B0E-4AF8-A27D-A51E289A88B9}
		{B180FC49-296F-4A0A-BEBE-1D4D2E713CF3} = {B539727F-94EE-4DA5-AFB0-CF3140192251}
		{94F351DE-076E-4388-BF66-2BD2E25239D3} = {B539727F-94EE-4DA5-AFB0-CF3140192251}
		{614BC7B4-AEB9-4B92-9123-8B35A6E187EF} = {B539727F-94EE-4DA5-AFB0-CF3140192251}
	EndGlobalSection
	GlobalSection(ExtensibilityGlobals) = postSolution
		SolutionGuid = {2D9FB59B-313F-4E49-97CA-7E7F00EE61A0}
	EndGlobalSection
EndGlobal
